
Microsoft Visual Studio Solution File, Format Version 12.00
# Visual Studio 15
VisualStudioVersion = 15.0.27004.2005
MinimumVisualStudioVersion = 10.0.40219.1
Project("{8BC9CEB8-8B4A-11D0-8D11-00A0C91BC942}") = "PatternBuilder", "PatternBuilder.vcxproj", "{9BDE3DC2-AE2B-4B02-B6E5-640C2A695859}"
EndProject
Global
	GlobalSection(SolutionConfigurationPlatforms) = preSolution
		Debug|x64 = Debug|x64
		Debug|x86 = Debug|x86
		Release|x64 = Release|x64
		Release|x86 = Release|x86
	EndGlobalSection
	GlobalSection(ProjectConfigurationPlatforms) = postSolution
		{9BDE3DC2-AE2B-4B02-B6E5-640C2A695859}.Debug|x64.ActiveCfg = Debug|x64
		{9BDE3DC2-AE2B-4B02-B6E5-640C2A695859}.Debug|x64.Build.0 = Debug|x64
		{9BDE3DC2-AE2B-4B02-B6E5-640C2A695859}.Debug|x86.ActiveCfg = Debug|Win32
		{9BDE3DC2-AE2B-4B02-B6E5-640C2A695859}.Debug|x86.Build.0 = Debug|Win32
		{9BDE3DC2-AE2B-4B02-B6E5-640C2A695859}.Release|x64.ActiveCfg = Release|x64
		{9BDE3DC2-AE2B-4B02-B6E5-640C2A695859}.Release|x64.Build.0 = Release|x64
		{9BDE3DC2-AE2B-4B02-B6E5-640C2A695859}.Release|x86.ActiveCfg = Release|Win32
		{9BDE3DC2-AE2B-4B02-B6E5-640C2A695859}.Release|x86.Build.0 = Release|Win32
	EndGlobalSection
	GlobalSection(SolutionProperties) = preSolution
		HideSolutionNode = FALSE
	EndGlobalSection
	GlobalSection(ExtensibilityGlobals) = postSolution
		SolutionGuid = {4D8C6B3D-ED17-4A82-87C0-E73C91F4C666}
	EndGlobalSection
EndGlobal
